
Microsoft Visual Studio Solution File, Format Version 12.00
# Visual Studio 15
VisualStudioVersion = 15.0.27703.2035
MinimumVisualStudioVersion = 10.0.40219.1
Project("{FAE04EC0-301F-11D3-BF4B-00C04F79EFBC}") = "Web", "Web\Web.csproj", "{080A1E5A-CBB3-4765-8C92-C171C2EA8957}"
EndProject
Project("{FAE04EC0-301F-11D3-BF4B-00C04F79EFBC}") = "DAL", "DAL\DAL.csproj", "{CE106C15-C618-4FE8-842B-C09D9C64C39B}"
EndProject
Project("{FAE04EC0-301F-11D3-BF4B-00C04F79EFBC}") = "BL", "BL\BL.csproj", "{0847E13C-A048-4420-860B-C56DD6A965C9}"
EndProject
Project("{FAE04EC0-301F-11D3-BF4B-00C04F79EFBC}") = "DTO", "DTO\DTO.csproj", "{819C2637-3F1D-4F8E-BF5A-043EBC82ED27}"
EndProject
Project("{FAE04EC0-301F-11D3-BF4B-00C04F79EFBC}") = "UTIL", "Util\UTIL.csproj", "{0ABD2C7C-03D5-4603-9911-9D0E9726F26B}"
EndProject
Global
	GlobalSection(SolutionConfigurationPlatforms) = preSolution
		Debug|Any CPU = Debug|Any CPU
		Release|Any CPU = Release|Any CPU
	EndGlobalSection
	GlobalSection(ProjectConfigurationPlatforms) = postSolution
		{080A1E5A-CBB3-4765-8C92-C171C2EA8957}.Debug|Any CPU.ActiveCfg = Debug|Any CPU
		{080A1E5A-CBB3-4765-8C92-C171C2EA8957}.Debug|Any CPU.Build.0 = Debug|Any CPU
		{080A1E5A-CBB3-4765-8C92-C171C2EA8957}.Release|Any CPU.ActiveCfg = Release|Any CPU
		{080A1E5A-CBB3-4765-8C92-C171C2EA8957}.Release|Any CPU.Build.0 = Release|Any CPU
		{CE106C15-C618-4FE8-842B-C09D9C64C39B}.Debug|Any CPU.ActiveCfg = Debug|Any CPU
		{CE106C15-C618-4FE8-842B-C09D9C64C39B}.Debug|Any CPU.Build.0 = Debug|Any CPU
		{CE106C15-C618-4FE8-842B-C09D9C64C39B}.Release|Any CPU.ActiveCfg = Release|Any CPU
		{CE106C15-C618-4FE8-842B-C09D9C64C39B}.Release|Any CPU.Build.0 = Release|Any CPU
		{0847E13C-A048-4420-860B-C56DD6A965C9}.Debug|Any CPU.ActiveCfg = Debug|Any CPU
		{0847E13C-A048-4420-860B-C56DD6A965C9}.Debug|Any CPU.Build.0 = Debug|Any CPU
		{0847E13C-A048-4420-860B-C56DD6A965C9}.Release|Any CPU.ActiveCfg = Release|Any CPU
		{0847E13C-A048-4420-860B-C56DD6A965C9}.Release|Any CPU.Build.0 = Release|Any CPU
		{819C2637-3F1D-4F8E-BF5A-043EBC82ED27}.Debug|Any CPU.ActiveCfg = Debug|Any CPU
		{819C2637-3F1D-4F8E-BF5A-043EBC82ED27}.Debug|Any CPU.Build.0 = Debug|Any CPU
		{819C2637-3F1D-4F8E-BF5A-043EBC82ED27}.Release|Any CPU.ActiveCfg = Release|Any CPU
		{819C2637-3F1D-4F8E-BF5A-043EBC82ED27}.Release|Any CPU.Build.0 = Release|Any CPU
		{0ABD2C7C-03D5-4603-9911-9D0E9726F26B}.Debug|Any CPU.ActiveCfg = Debug|Any CPU
		{0ABD2C7C-03D5-4603-9911-9D0E9726F26B}.Debug|Any CPU.Build.0 = Debug|Any CPU
		{0ABD2C7C-03D5-4603-9911-9D0E9726F26B}.Release|Any CPU.ActiveCfg = Release|Any CPU
		{0ABD2C7C-03D5-4603-9911-9D0E9726F26B}.Release|Any CPU.Build.0 = Release|Any CPU
	EndGlobalSection
	GlobalSection(SolutionProperties) = preSolution
		HideSolutionNode = FALSE
	EndGlobalSection
	GlobalSection(ExtensibilityGlobals) = postSolution
		SolutionGuid = {D850472B-22BB-42F3-BE78-B334A762257F}
	EndGlobalSection
EndGlobal
